
Microsoft Visual Studio Solution File, Format Version 12.00
# Visual Studio Version 16
VisualStudioVersion = 16.0.31911.196
MinimumVisualStudioVersion = 10.0.40219.1
Project("{FAE04EC0-301F-11D3-BF4B-00C04F79EFBC}") = "ChallengeTwo.UI", "ChallengeTwo.UI\ChallengeTwo.UI.csproj", "{7506C1B1-6E06-46A1-B559-544133CAAD23}"
EndProject
Project("{FAE04EC0-301F-11D3-BF4B-00C04F79EFBC}") = "ChallengeTwo.Lib", "ChallengeTwo.Lib\ChallengeTwo.Lib.csproj", "{E888F67C-2FB2-4779-9E32-1B3C0EE3CD56}"
EndProject
Project("{FAE04EC0-301F-11D3-BF4B-00C04F79EFBC}") = "ChallengeTwo.Tests", "ChallengeTwo.Tests\ChallengeTwo.Tests.csproj", "{4C00F3D0-F1E5-4DAA-9D4B-F621CFA3FD63}"
EndProject
Project("{2150E333-8FDC-42A3-9474-1A3956D46DE8}") = "Solution Items", "Solution Items", "{4F3C52B8-E4F4-4096-9675-0D574574B76D}"
	ProjectSection(SolutionItems) = preProject
		README.md = README.md
	EndProjectSection
EndProject
Project("{FAE04EC0-301F-11D3-BF4B-00C04F79EFBC}") = "ChallengeThree.UI", "ChallengeThree.UI\ChallengeThree.UI.csproj", "{FC335AA9-AAAC-4C3C-B0FC-06F93FD05793}"
EndProject
Project("{FAE04EC0-301F-11D3-BF4B-00C04F79EFBC}") = "ChallengeThree.Lib", "ChallengeThree.Lib\ChallengeThree.Lib.csproj", "{33CC64E6-1218-48C5-B6EF-AA6453788F55}"
EndProject
Project("{FAE04EC0-301F-11D3-BF4B-00C04F79EFBC}") = "ChallengeThree.Tests", "challengeThree.Tests\ChallengeThree.Tests.csproj", "{82F68036-E41D-4279-B046-9C6E9033C4BB}"
EndProject
Project("{2150E333-8FDC-42A3-9474-1A3956D46DE8}") = "ChallengeFour", "ChallengeFour", "{EADF229D-852D-4FEC-B535-12B911E92B21}"
EndProject
Project("{FAE04EC0-301F-11D3-BF4B-00C04F79EFBC}") = "ChallengeFour.UI", "ChallengeFour.UI\ChallengeFour.UI.csproj", "{EF4BF4E5-424C-48ED-87D4-BB30826F4A2B}"
EndProject
Project("{FAE04EC0-301F-11D3-BF4B-00C04F79EFBC}") = "ChallengeFour.Lib", "ChallengeFour.Lib\ChallengeFour.Lib.csproj", "{A0BC01D1-D940-4127-B94D-3D21774F4C3D}"
EndProject
Project("{FAE04EC0-301F-11D3-BF4B-00C04F79EFBC}") = "ChallengeFour.Tests", "ChallengeFour.Tests\ChallengeFour.Tests.csproj", "{BC158505-2A31-4855-A1FF-12435AE9D9B1}"
EndProject
Project("{2150E333-8FDC-42A3-9474-1A3956D46DE8}") = "ChallengeSix", "ChallengeSix", "{3FA7CC8E-D4CB-446B-95E5-C0C172EEB7D7}"
EndProject
Project("{FAE04EC0-301F-11D3-BF4B-00C04F79EFBC}") = "ChallengeSix.UI", "ChallengeSix.UI\ChallengeSix.UI.csproj", "{8BD1F9E0-056B-4D65-9DB9-E587667CB001}"
EndProject
Project("{FAE04EC0-301F-11D3-BF4B-00C04F79EFBC}") = "ChallengeSix.Lib", "ChallengeSix.Lib\ChallengeSix.Lib.csproj", "{0FBFF57B-A09D-4C0F-9216-60E736F63A00}"
EndProject
Project("{FAE04EC0-301F-11D3-BF4B-00C04F79EFBC}") = "ChallengeSix.Tests", "ChallengeSix.Tests\ChallengeSix.Tests.csproj", "{41FDF65B-443D-4ECD-9AA1-184F7B0C87A3}"
EndProject
Global
	GlobalSection(SolutionConfigurationPlatforms) = preSolution
		Debug|Any CPU = Debug|Any CPU
		Release|Any CPU = Release|Any CPU
	EndGlobalSection
	GlobalSection(ProjectConfigurationPlatforms) = postSolution
		{7506C1B1-6E06-46A1-B559-544133CAAD23}.Debug|Any CPU.ActiveCfg = Debug|Any CPU
		{7506C1B1-6E06-46A1-B559-544133CAAD23}.Debug|Any CPU.Build.0 = Debug|Any CPU
		{7506C1B1-6E06-46A1-B559-544133CAAD23}.Release|Any CPU.ActiveCfg = Release|Any CPU
		{7506C1B1-6E06-46A1-B559-544133CAAD23}.Release|Any CPU.Build.0 = Release|Any CPU
		{E888F67C-2FB2-4779-9E32-1B3C0EE3CD56}.Debug|Any CPU.ActiveCfg = Debug|Any CPU
		{E888F67C-2FB2-4779-9E32-1B3C0EE3CD56}.Debug|Any CPU.Build.0 = Debug|Any CPU
		{E888F67C-2FB2-4779-9E32-1B3C0EE3CD56}.Release|Any CPU.ActiveCfg = Release|Any CPU
		{E888F67C-2FB2-4779-9E32-1B3C0EE3CD56}.Release|Any CPU.Build.0 = Release|Any CPU
		{4C00F3D0-F1E5-4DAA-9D4B-F621CFA3FD63}.Debug|Any CPU.ActiveCfg = Debug|Any CPU
		{4C00F3D0-F1E5-4DAA-9D4B-F621CFA3FD63}.Debug|Any CPU.Build.0 = Debug|Any CPU
		{4C00F3D0-F1E5-4DAA-9D4B-F621CFA3FD63}.Release|Any CPU.ActiveCfg = Release|Any CPU
		{4C00F3D0-F1E5-4DAA-9D4B-F621CFA3FD63}.Release|Any CPU.Build.0 = Release|Any CPU
		{FC335AA9-AAAC-4C3C-B0FC-06F93FD05793}.Debug|Any CPU.ActiveCfg = Debug|Any CPU
		{FC335AA9-AAAC-4C3C-B0FC-06F93FD05793}.Debug|Any CPU.Build.0 = Debug|Any CPU
		{FC335AA9-AAAC-4C3C-B0FC-06F93FD05793}.Release|Any CPU.ActiveCfg = Release|Any CPU
		{FC335AA9-AAAC-4C3C-B0FC-06F93FD05793}.Release|Any CPU.Build.0 = Release|Any CPU
		{33CC64E6-1218-48C5-B6EF-AA6453788F55}.Debug|Any CPU.ActiveCfg = Debug|Any CPU
		{33CC64E6-1218-48C5-B6EF-AA6453788F55}.Debug|Any CPU.Build.0 = Debug|Any CPU
		{33CC64E6-1218-48C5-B6EF-AA6453788F55}.Release|Any CPU.ActiveCfg = Release|Any CPU
		{33CC64E6-1218-48C5-B6EF-AA6453788F55}.Release|Any CPU.Build.0 = Release|Any CPU
		{82F68036-E41D-4279-B046-9C6E9033C4BB}.Debug|Any CPU.ActiveCfg = Debug|Any CPU
		{82F68036-E41D-4279-B046-9C6E9033C4BB}.Debug|Any CPU.Build.0 = Debug|Any CPU
		{82F68036-E41D-4279-B046-9C6E9033C4BB}.Release|Any CPU.ActiveCfg = Release|Any CPU
		{82F68036-E41D-4279-B046-9C6E9033C4BB}.Release|Any CPU.Build.0 = Release|Any CPU
		{EF4BF4E5-424C-48ED-87D4-BB30826F4A2B}.Debug|Any CPU.ActiveCfg = Debug|Any CPU
		{EF4BF4E5-424C-48ED-87D4-BB30826F4A2B}.Debug|Any CPU.Build.0 = Debug|Any CPU
		{EF4BF4E5-424C-48ED-87D4-BB30826F4A2B}.Release|Any CPU.ActiveCfg = Release|Any CPU
		{EF4BF4E5-424C-48ED-87D4-BB30826F4A2B}.Release|Any CPU.Build.0 = Release|Any CPU
		{A0BC01D1-D940-4127-B94D-3D21774F4C3D}.Debug|Any CPU.ActiveCfg = Debug|Any CPU
		{A0BC01D1-D940-4127-B94D-3D21774F4C3D}.Debug|Any CPU.Build.0 = Debug|Any CPU
		{A0BC01D1-D940-4127-B94D-3D21774F4C3D}.Release|Any CPU.ActiveCfg = Release|Any CPU
		{A0BC01D1-D940-4127-B94D-3D21774F4C3D}.Release|Any CPU.Build.0 = Release|Any CPU
		{BC158505-2A31-4855-A1FF-12435AE9D9B1}.Debug|Any CPU.ActiveCfg = Debug|Any CPU
		{BC158505-2A31-4855-A1FF-12435AE9D9B1}.Debug|Any CPU.Build.0 = Debug|Any CPU
		{BC158505-2A31-4855-A1FF-12435AE9D9B1}.Release|Any CPU.ActiveCfg = Release|Any CPU
		{BC158505-2A31-4855-A1FF-12435AE9D9B1}.Release|Any CPU.Build.0 = Release|Any CPU
		{8BD1F9E0-056B-4D65-9DB9-E587667CB001}.Debug|Any CPU.ActiveCfg = Debug|Any CPU
		{8BD1F9E0-056B-4D65-9DB9-E587667CB001}.Debug|Any CPU.Build.0 = Debug|Any CPU
		{8BD1F9E0-056B-4D65-9DB9-E587667CB001}.Release|Any CPU.ActiveCfg = Release|Any CPU
		{8BD1F9E0-056B-4D65-9DB9-E587667CB001}.Release|Any CPU.Build.0 = Release|Any CPU
		{0FBFF57B-A09D-4C0F-9216-60E736F63A00}.Debug|Any CPU.ActiveCfg = Debug|Any CPU
		{0FBFF57B-A09D-4C0F-9216-60E736F63A00}.Debug|Any CPU.Build.0 = Debug|Any CPU
		{0FBFF57B-A09D-4C0F-9216-60E736F63A00}.Release|Any CPU.ActiveCfg = Release|Any CPU
		{0FBFF57B-A09D-4C0F-9216-60E736F63A00}.Release|Any CPU.Build.0 = Release|Any CPU
		{41FDF65B-443D-4ECD-9AA1-184F7B0C87A3}.Debug|Any CPU.ActiveCfg = Debug|Any CPU
		{41FDF65B-443D-4ECD-9AA1-184F7B0C87A3}.Debug|Any CPU.Build.0 = Debug|Any CPU
		{41FDF65B-443D-4ECD-9AA1-184F7B0C87A3}.Release|Any CPU.ActiveCfg = Release|Any CPU
		{41FDF65B-443D-4ECD-9AA1-184F7B0C87A3}.Release|Any CPU.Build.0 = Release|Any CPU
	EndGlobalSection
	GlobalSection(SolutionProperties) = preSolution
		HideSolutionNode = FALSE
	EndGlobalSection
	GlobalSection(NestedProjects) = preSolution
		{EF4BF4E5-424C-48ED-87D4-BB30826F4A2B} = {EADF229D-852D-4FEC-B535-12B911E92B21}
		{A0BC01D1-D940-4127-B94D-3D21774F4C3D} = {EADF229D-852D-4FEC-B535-12B911E92B21}
		{BC158505-2A31-4855-A1FF-12435AE9D9B1} = {EADF229D-852D-4FEC-B535-12B911E92B21}
		{8BD1F9E0-056B-4D65-9DB9-E587667CB001} = {3FA7CC8E-D4CB-446B-95E5-C0C172EEB7D7}
		{0FBFF57B-A09D-4C0F-9216-60E736F63A00} = {3FA7CC8E-D4CB-446B-95E5-C0C172EEB7D7}
		{41FDF65B-443D-4ECD-9AA1-184F7B0C87A3} = {3FA7CC8E-D4CB-446B-95E5-C0C172EEB7D7}
	EndGlobalSection
	GlobalSection(ExtensibilityGlobals) = postSolution
		SolutionGuid = {77D74196-92BC-45FE-9539-784FDDFA6BF8}
	EndGlobalSection
EndGlobal
